
Microsoft Visual Studio Solution File, Format Version 11.00
# Visual Studio 2010
Project("{FAE04EC0-301F-11D3-BF4B-00C04F79EFBC}") = "Assembly-CSharp", "Assembly-CSharp.csproj", "{032B9B3F-0EB6-5BB8-4F6E-9506763DB14B}"
EndProject
Global
	GlobalSection(SolutionConfigurationPlatforms) = preSolution
		Debug|Any CPU = Debug|Any CPU
		Release|Any CPU = Release|Any CPU
	EndGlobalSection
	GlobalSection(ProjectConfigurationPlatforms) = postSolution
		{032B9B3F-0EB6-5BB8-4F6E-9506763DB14B}.Debug|Any CPU.ActiveCfg = Debug|Any CPU
		{032B9B3F-0EB6-5BB8-4F6E-9506763DB14B}.Debug|Any CPU.Build.0 = Debug|Any CPU
		{032B9B3F-0EB6-5BB8-4F6E-9506763DB14B}.Release|Any CPU.ActiveCfg = Release|Any CPU
		{032B9B3F-0EB6-5BB8-4F6E-9506763DB14B}.Release|Any CPU.Build.0 = Release|Any CPU
	EndGlobalSection
	GlobalSection(SolutionProperties) = preSolution
		HideSolutionNode = FALSE
	EndGlobalSection
	GlobalSection(MonoDevelopProperties) = preSolution
		StartupItem = Assembly-CSharp.csproj
	EndGlobalSection
EndGlobal
